// !$*UTF8*$!
{
	archiveVersion = 1;
	classes = {
	};
	objectVersion = 55;
	objects = {

/* Begin PBXBuildFile section */
		9EB362762850F830001E9BEE /* Color+Extension.swift in Sources */ = {isa = PBXBuildFile; fileRef = 9EB362752850F830001E9BEE /* Color+Extension.swift */; };
		668D57672851A36A00CED7BC /* Lottie in Frameworks */ = {isa = PBXBuildFile; productRef = 668D57662851A36A00CED7BC /* Lottie */; };
		66BBD3642850348900FD3026 /* TutorialView.swift in Sources */ = {isa = PBXBuildFile; fileRef = 66BBD3632850348900FD3026 /* TutorialView.swift */; };
		9E00163A284DF8970068E4D0 /* StagePagingView.swift in Sources */ = {isa = PBXBuildFile; fileRef = 9E001639284DF8970068E4D0 /* StagePagingView.swift */; };
		9E00163E284E143F0068E4D0 /* StageLayout75View.swift in Sources */ = {isa = PBXBuildFile; fileRef = 9E00163D284E143F0068E4D0 /* StageLayout75View.swift */; };
		9EB362742850F729001E9BEE /* Colors.xcassets in Resources */ = {isa = PBXBuildFile; fileRef = 9EB362732850F729001E9BEE /* Colors.xcassets */; };
		C7083599284DD0DE0061F707 /* CleanFishApp.swift in Sources */ = {isa = PBXBuildFile; fileRef = C7083598284DD0DE0061F707 /* CleanFishApp.swift */; };
		C708359B284DD0DE0061F707 /* ContentView.swift in Sources */ = {isa = PBXBuildFile; fileRef = C708359A284DD0DE0061F707 /* ContentView.swift */; };
		C708359D284DD0DF0061F707 /* Assets.xcassets in Resources */ = {isa = PBXBuildFile; fileRef = C708359C284DD0DF0061F707 /* Assets.xcassets */; };
		C70835A0284DD0DF0061F707 /* Preview Assets.xcassets in Resources */ = {isa = PBXBuildFile; fileRef = C708359F284DD0DF0061F707 /* Preview Assets.xcassets */; };
		C710ADC52850395500DA181C /* Recipe.swift in Sources */ = {isa = PBXBuildFile; fileRef = C710ADC42850395500DA181C /* Recipe.swift */; };
		C72AD6E7284E147400B68995 /* Fish.swift in Sources */ = {isa = PBXBuildFile; fileRef = C72AD6E6284E147400B68995 /* Fish.swift */; };
		C76FA9522853A1240056F935 /* NetworkManager.swift in Sources */ = {isa = PBXBuildFile; fileRef = C76FA9512853A1240056F935 /* NetworkManager.swift */; };
		C79478A528507F6B00AB4124 /* LottieView.swift in Sources */ = {isa = PBXBuildFile; fileRef = C79478A428507F6B00AB4124 /* LottieView.swift */; };
		C79478A72850828900AB4124 /* SelectFishView.swift in Sources */ = {isa = PBXBuildFile; fileRef = C79478A62850828900AB4124 /* SelectFishView.swift */; };
		C79478A92850909700AB4124 /* MainView.swift in Sources */ = {isa = PBXBuildFile; fileRef = C79478A82850909700AB4124 /* MainView.swift */; };
		C79478AB285091DC00AB4124 /* SelectRecipeView.swift in Sources */ = {isa = PBXBuildFile; fileRef = C79478AA285091DC00AB4124 /* SelectRecipeView.swift */; };
		C79478AD28509DF800AB4124 /* String+Extension.swift in Sources */ = {isa = PBXBuildFile; fileRef = C79478AC28509DF800AB4124 /* String+Extension.swift */; };
		F6F8B26928518696005F3925 /* GoogleService-Info.plist in Resources */ = {isa = PBXBuildFile; fileRef = F6F8B26828518696005F3925 /* GoogleService-Info.plist */; };
		F6F8B26C28518CCE005F3925 /* FirebaseAuth in Frameworks */ = {isa = PBXBuildFile; productRef = F6F8B26B28518CCD005F3925 /* FirebaseAuth */; };
		F6F8B26E28518CCE005F3925 /* FirebaseFirestore in Frameworks */ = {isa = PBXBuildFile; productRef = F6F8B26D28518CCE005F3925 /* FirebaseFirestore */; };
		F6F8B27028518CCE005F3925 /* FirebaseFirestoreSwift in Frameworks */ = {isa = PBXBuildFile; productRef = F6F8B26F28518CCE005F3925 /* FirebaseFirestoreSwift */; };
		F6F8B27228518CCE005F3925 /* FirebaseStorage in Frameworks */ = {isa = PBXBuildFile; productRef = F6F8B27128518CCE005F3925 /* FirebaseStorage */; };
		F6F8B27D285347CD005F3925 /* VideoShowView.swift in Sources */ = {isa = PBXBuildFile; fileRef = F6F8B27C285347CD005F3925 /* VideoShowView.swift */; };
		F6F8B28028535D36005F3925 /* VideoShowViewUikit.swift in Sources */ = {isa = PBXBuildFile; fileRef = F6F8B27F28535D36005F3925 /* VideoShowViewUikit.swift */; };
/* End PBXBuildFile section */

/* Begin PBXFileReference section */
		9EB362752850F830001E9BEE /* Color+Extension.swift */ = {isa = PBXFileReference; lastKnownFileType = sourcecode.swift; path = "Color+Extension.swift"; sourceTree = "<group>"; };
		66BBD3632850348900FD3026 /* TutorialView.swift */ = {isa = PBXFileReference; lastKnownFileType = sourcecode.swift; path = TutorialView.swift; sourceTree = "<group>"; };
		66BBD3652850950100FD3026 /* Info.plist */ = {isa = PBXFileReference; lastKnownFileType = text.plist; path = Info.plist; sourceTree = "<group>"; };
		9E001639284DF8970068E4D0 /* StagePagingView.swift */ = {isa = PBXFileReference; lastKnownFileType = sourcecode.swift; path = StagePagingView.swift; sourceTree = "<group>"; };
		9E00163D284E143F0068E4D0 /* StageLayout75View.swift */ = {isa = PBXFileReference; lastKnownFileType = sourcecode.swift; path = StageLayout75View.swift; sourceTree = "<group>"; };
		9EB362732850F729001E9BEE /* Colors.xcassets */ = {isa = PBXFileReference; lastKnownFileType = folder.assetcatalog; path = Colors.xcassets; sourceTree = "<group>"; };
		C7083595284DD0DE0061F707 /* CleanFish.app */ = {isa = PBXFileReference; explicitFileType = wrapper.application; includeInIndex = 0; path = CleanFish.app; sourceTree = BUILT_PRODUCTS_DIR; };
		C7083598284DD0DE0061F707 /* CleanFishApp.swift */ = {isa = PBXFileReference; lastKnownFileType = sourcecode.swift; path = CleanFishApp.swift; sourceTree = "<group>"; };
		C708359A284DD0DE0061F707 /* ContentView.swift */ = {isa = PBXFileReference; lastKnownFileType = sourcecode.swift; path = ContentView.swift; sourceTree = "<group>"; };
		C708359C284DD0DF0061F707 /* Assets.xcassets */ = {isa = PBXFileReference; lastKnownFileType = folder.assetcatalog; path = Assets.xcassets; sourceTree = "<group>"; };
		C708359F284DD0DF0061F707 /* Preview Assets.xcassets */ = {isa = PBXFileReference; lastKnownFileType = folder.assetcatalog; path = "Preview Assets.xcassets"; sourceTree = "<group>"; };
		C710ADC42850395500DA181C /* Recipe.swift */ = {isa = PBXFileReference; lastKnownFileType = sourcecode.swift; path = Recipe.swift; sourceTree = "<group>"; };
		C72AD6E6284E147400B68995 /* Fish.swift */ = {isa = PBXFileReference; lastKnownFileType = sourcecode.swift; path = Fish.swift; sourceTree = "<group>"; };
		C75233A2285189B8005E49D7 /* .swiftlint.yml */ = {isa = PBXFileReference; lastKnownFileType = text.yaml; path = .swiftlint.yml; sourceTree = "<group>"; };
		C76FA9512853A1240056F935 /* NetworkManager.swift */ = {isa = PBXFileReference; lastKnownFileType = sourcecode.swift; path = NetworkManager.swift; sourceTree = "<group>"; };
		C76FA9532853B51D0056F935 /* Info.plist */ = {isa = PBXFileReference; lastKnownFileType = text.plist; path = Info.plist; sourceTree = "<group>"; };
		C79478A428507F6B00AB4124 /* LottieView.swift */ = {isa = PBXFileReference; lastKnownFileType = sourcecode.swift; path = LottieView.swift; sourceTree = "<group>"; };
		C79478A62850828900AB4124 /* SelectFishView.swift */ = {isa = PBXFileReference; lastKnownFileType = sourcecode.swift; path = SelectFishView.swift; sourceTree = "<group>"; };
		C79478A82850909700AB4124 /* MainView.swift */ = {isa = PBXFileReference; lastKnownFileType = sourcecode.swift; path = MainView.swift; sourceTree = "<group>"; };
		C79478AA285091DC00AB4124 /* SelectRecipeView.swift */ = {isa = PBXFileReference; lastKnownFileType = sourcecode.swift; path = SelectRecipeView.swift; sourceTree = "<group>"; };
		C79478AC28509DF800AB4124 /* String+Extension.swift */ = {isa = PBXFileReference; lastKnownFileType = sourcecode.swift; path = "String+Extension.swift"; sourceTree = "<group>"; };
		F6F8B26828518696005F3925 /* GoogleService-Info.plist */ = {isa = PBXFileReference; fileEncoding = 4; lastKnownFileType = text.plist.xml; path = "GoogleService-Info.plist"; sourceTree = "<group>"; };
		F6F8B27C285347CD005F3925 /* VideoShowView.swift */ = {isa = PBXFileReference; lastKnownFileType = sourcecode.swift; path = VideoShowView.swift; sourceTree = "<group>"; };
		F6F8B27E2853595E005F3925 /* Info.plist */ = {isa = PBXFileReference; lastKnownFileType = text.plist; path = Info.plist; sourceTree = "<group>"; };
		F6F8B27F28535D36005F3925 /* VideoShowViewUikit.swift */ = {isa = PBXFileReference; lastKnownFileType = sourcecode.swift; path = VideoShowViewUikit.swift; sourceTree = "<group>"; };
		F6F8B281285363A9005F3925 /* flatfish_sashimi#1.mp4 */ = {isa = PBXFileReference; lastKnownFileType = file; path = "flatfish_sashimi#1.mp4"; sourceTree = "<group>"; };
/* End PBXFileReference section */

/* Begin PBXFrameworksBuildPhase section */
		C7083592284DD0DE0061F707 /* Frameworks */ = {
			isa = PBXFrameworksBuildPhase;
			buildActionMask = 2147483647;
			files = (
				668D57672851A36A00CED7BC /* Lottie in Frameworks */,
				F6F8B26C28518CCE005F3925 /* FirebaseAuth in Frameworks */,
				F6F8B26E28518CCE005F3925 /* FirebaseFirestore in Frameworks */,
				F6F8B27228518CCE005F3925 /* FirebaseStorage in Frameworks */,
				F6F8B27028518CCE005F3925 /* FirebaseFirestoreSwift in Frameworks */,
			);
			runOnlyForDeploymentPostprocessing = 0;
		};
/* End PBXFrameworksBuildPhase section */

/* Begin PBXGroup section */
		C708358C284DD0DE0061F707 = {
			isa = PBXGroup;
			children = (
				C7083597284DD0DE0061F707 /* CleanFish */,
				C7083596284DD0DE0061F707 /* Products */,
			);
			sourceTree = "<group>";
		};
		C7083596284DD0DE0061F707 /* Products */ = {
			isa = PBXGroup;
			children = (
				C7083595284DD0DE0061F707 /* CleanFish.app */,
			);
			name = Products;
			sourceTree = "<group>";
		};
		C7083597284DD0DE0061F707 /* CleanFish */ = {
			isa = PBXGroup;
			children = (
				C76FA9532853B51D0056F935 /* Info.plist */,
				66BBD3632850348900FD3026 /* TutorialView.swift */,
				C7083598284DD0DE0061F707 /* CleanFishApp.swift */,
				C708359A284DD0DE0061F707 /* ContentView.swift */,
				9E00163D284E143F0068E4D0 /* StageLayout75View.swift */,
				9EB362752850F830001E9BEE /* Color+Extension.swift */,
				C75233A2285189B8005E49D7 /* .swiftlint.yml */,
				9E001639284DF8970068E4D0 /* StagePagingView.swift */,
				C72AD6E6284E147400B68995 /* Fish.swift */,
				C79478A62850828900AB4124 /* SelectFishView.swift */,
				C76FA9512853A1240056F935 /* NetworkManager.swift */,
				C79478A82850909700AB4124 /* MainView.swift */,
				C79478AA285091DC00AB4124 /* SelectRecipeView.swift */,
				C710ADC42850395500DA181C /* Recipe.swift */,
				C79478A428507F6B00AB4124 /* LottieView.swift */,
				C79478AC28509DF800AB4124 /* String+Extension.swift */,
				F6F8B27C285347CD005F3925 /* VideoShowView.swift */,
				F6F8B27F28535D36005F3925 /* VideoShowViewUikit.swift */,
				F6F8B281285363A9005F3925 /* flatfish_sashimi#1.mp4 */,
				C708359C284DD0DF0061F707 /* Assets.xcassets */,
				9EB362732850F729001E9BEE /* Colors.xcassets */,
				F6F8B26828518696005F3925 /* GoogleService-Info.plist */,
				C708359E284DD0DF0061F707 /* Preview Content */,
			);
			path = CleanFish;
			sourceTree = "<group>";
		};
		C708359E284DD0DF0061F707 /* Preview Content */ = {
			isa = PBXGroup;
			children = (
				C708359F284DD0DF0061F707 /* Preview Assets.xcassets */,
			);
			path = "Preview Content";
			sourceTree = "<group>";
		};
/* End PBXGroup section */

/* Begin PBXNativeTarget section */
		C7083594284DD0DE0061F707 /* CleanFish */ = {
			isa = PBXNativeTarget;
			buildConfigurationList = C70835A3284DD0DF0061F707 /* Build configuration list for PBXNativeTarget "CleanFish" */;
			buildPhases = (
				C7083591284DD0DE0061F707 /* Sources */,
				C7083592284DD0DE0061F707 /* Frameworks */,
				C7083593284DD0DE0061F707 /* Resources */,
				665D0A422850274A00C78366 /* ShellScript */,
			);
			buildRules = (
			);
			dependencies = (
			);
			name = CleanFish;
			packageProductDependencies = (
				668D57662851A36A00CED7BC /* Lottie */,
				F6F8B26B28518CCD005F3925 /* FirebaseAuth */,
				F6F8B26D28518CCE005F3925 /* FirebaseFirestore */,
				F6F8B26F28518CCE005F3925 /* FirebaseFirestoreSwift */,
				F6F8B27128518CCE005F3925 /* FirebaseStorage */,
			);
			productName = CleanFish;
			productReference = C7083595284DD0DE0061F707 /* CleanFish.app */;
			productType = "com.apple.product-type.application";
		};
/* End PBXNativeTarget section */

/* Begin PBXProject section */
		C708358D284DD0DE0061F707 /* Project object */ = {
			isa = PBXProject;
			attributes = {
				BuildIndependentTargetsInParallel = 1;
				LastSwiftUpdateCheck = 1330;
				LastUpgradeCheck = 1330;
				TargetAttributes = {
					C7083594284DD0DE0061F707 = {
						CreatedOnToolsVersion = 13.3;
					};
				};
			};
			buildConfigurationList = C7083590284DD0DE0061F707 /* Build configuration list for PBXProject "CleanFish" */;
			compatibilityVersion = "Xcode 13.0";
			developmentRegion = en;
			hasScannedForEncodings = 0;
			knownRegions = (
				en,
				Base,
			);
			mainGroup = C708358C284DD0DE0061F707;
			packageReferences = (
				668D57652851A36A00CED7BC /* XCRemoteSwiftPackageReference "lottie-ios" */,
				F6F8B26A28518CCD005F3925 /* XCRemoteSwiftPackageReference "firebase-ios-sdk" */,
			);
			productRefGroup = C7083596284DD0DE0061F707 /* Products */;
			projectDirPath = "";
			projectRoot = "";
			targets = (
				C7083594284DD0DE0061F707 /* CleanFish */,
			);
		};
/* End PBXProject section */

/* Begin PBXResourcesBuildPhase section */
		C7083593284DD0DE0061F707 /* Resources */ = {
			isa = PBXResourcesBuildPhase;
			buildActionMask = 2147483647;
			files = (
				9EB362742850F729001E9BEE /* Colors.xcassets in Resources */,
				C70835A0284DD0DF0061F707 /* Preview Assets.xcassets in Resources */,
				F6F8B26928518696005F3925 /* GoogleService-Info.plist in Resources */,
				C708359D284DD0DF0061F707 /* Assets.xcassets in Resources */,
			);
			runOnlyForDeploymentPostprocessing = 0;
		};
/* End PBXResourcesBuildPhase section */

/* Begin PBXShellScriptBuildPhase section */
		665D0A422850274A00C78366 /* ShellScript */ = {
			isa = PBXShellScriptBuildPhase;
			buildActionMask = 2147483647;
			files = (
			);
			inputFileListPaths = (
			);
			inputPaths = (
			);
			outputFileListPaths = (
			);
			outputPaths = (
			);
			runOnlyForDeploymentPostprocessing = 0;
			shellPath = /bin/sh;
			shellScript = "# Type a script or drag a script file from your workspace to insert its path.\nexport PATH=\"$PATH:/opt/homebrew/bin\"\nif which swiftlint > /dev/null; then\n  swiftlint\nelse\n  echo \"warning: SwiftLint not installed, download from https://github.com/realm/SwiftLint\"\nfi\n";
		};
/* End PBXShellScriptBuildPhase section */

/* Begin PBXSourcesBuildPhase section */
		C7083591284DD0DE0061F707 /* Sources */ = {
			isa = PBXSourcesBuildPhase;
			buildActionMask = 2147483647;
			files = (
				C708359B284DD0DE0061F707 /* ContentView.swift in Sources */,
				9E00163E284E143F0068E4D0 /* StageLayout75View.swift in Sources */,
				9E00163A284DF8970068E4D0 /* StagePagingView.swift in Sources */,
				C76FA9522853A1240056F935 /* NetworkManager.swift in Sources */,
				C79478AD28509DF800AB4124 /* String+Extension.swift in Sources */,
				C79478A92850909700AB4124 /* MainView.swift in Sources */,
				C72AD6E7284E147400B68995 /* Fish.swift in Sources */,
				F6F8B28028535D36005F3925 /* VideoShowViewUikit.swift in Sources */,
				C79478A72850828900AB4124 /* SelectFishView.swift in Sources */,
				C79478AB285091DC00AB4124 /* SelectRecipeView.swift in Sources */,
				C79478A528507F6B00AB4124 /* LottieView.swift in Sources */,
				C7083599284DD0DE0061F707 /* CleanFishApp.swift in Sources */,
				9EB362762850F830001E9BEE /* Color+Extension.swift in Sources */,
				66BBD3642850348900FD3026 /* TutorialView.swift in Sources */,
				C710ADC52850395500DA181C /* Recipe.swift in Sources */,
				F6F8B27D285347CD005F3925 /* VideoShowView.swift in Sources */,
			);
			runOnlyForDeploymentPostprocessing = 0;
		};
/* End PBXSourcesBuildPhase section */

/* Begin XCBuildConfiguration section */
		C70835A1284DD0DF0061F707 /* Debug */ = {
			isa = XCBuildConfiguration;
			buildSettings = {
				ALWAYS_SEARCH_USER_PATHS = NO;
				CLANG_ANALYZER_NONNULL = YES;
				CLANG_ANALYZER_NUMBER_OBJECT_CONVERSION = YES_AGGRESSIVE;
				CLANG_CXX_LANGUAGE_STANDARD = "gnu++17";
				CLANG_ENABLE_MODULES = YES;
				CLANG_ENABLE_OBJC_ARC = YES;
				CLANG_ENABLE_OBJC_WEAK = YES;
				CLANG_WARN_BLOCK_CAPTURE_AUTORELEASING = YES;
				CLANG_WARN_BOOL_CONVERSION = YES;
				CLANG_WARN_COMMA = YES;
				CLANG_WARN_CONSTANT_CONVERSION = YES;
				CLANG_WARN_DEPRECATED_OBJC_IMPLEMENTATIONS = YES;
				CLANG_WARN_DIRECT_OBJC_ISA_USAGE = YES_ERROR;
				CLANG_WARN_DOCUMENTATION_COMMENTS = YES;
				CLANG_WARN_EMPTY_BODY = YES;
				CLANG_WARN_ENUM_CONVERSION = YES;
				CLANG_WARN_INFINITE_RECURSION = YES;
				CLANG_WARN_INT_CONVERSION = YES;
				CLANG_WARN_NON_LITERAL_NULL_CONVERSION = YES;
				CLANG_WARN_OBJC_IMPLICIT_RETAIN_SELF = YES;
				CLANG_WARN_OBJC_LITERAL_CONVERSION = YES;
				CLANG_WARN_OBJC_ROOT_CLASS = YES_ERROR;
				CLANG_WARN_QUOTED_INCLUDE_IN_FRAMEWORK_HEADER = YES;
				CLANG_WARN_RANGE_LOOP_ANALYSIS = YES;
				CLANG_WARN_STRICT_PROTOTYPES = YES;
				CLANG_WARN_SUSPICIOUS_MOVE = YES;
				CLANG_WARN_UNGUARDED_AVAILABILITY = YES_AGGRESSIVE;
				CLANG_WARN_UNREACHABLE_CODE = YES;
				CLANG_WARN__DUPLICATE_METHOD_MATCH = YES;
				COPY_PHASE_STRIP = NO;
				DEBUG_INFORMATION_FORMAT = dwarf;
				ENABLE_STRICT_OBJC_MSGSEND = YES;
				ENABLE_TESTABILITY = YES;
				GCC_C_LANGUAGE_STANDARD = gnu11;
				GCC_DYNAMIC_NO_PIC = NO;
				GCC_NO_COMMON_BLOCKS = YES;
				GCC_OPTIMIZATION_LEVEL = 0;
				GCC_PREPROCESSOR_DEFINITIONS = (
					"DEBUG=1",
					"$(inherited)",
				);
				GCC_WARN_64_TO_32_BIT_CONVERSION = YES;
				GCC_WARN_ABOUT_RETURN_TYPE = YES_ERROR;
				GCC_WARN_UNDECLARED_SELECTOR = YES;
				GCC_WARN_UNINITIALIZED_AUTOS = YES_AGGRESSIVE;
				GCC_WARN_UNUSED_FUNCTION = YES;
				GCC_WARN_UNUSED_VARIABLE = YES;
				IPHONEOS_DEPLOYMENT_TARGET = 15.0;
				MTL_ENABLE_DEBUG_INFO = INCLUDE_SOURCE;
				MTL_FAST_MATH = YES;
				ONLY_ACTIVE_ARCH = YES;
				SDKROOT = iphoneos;
				SWIFT_ACTIVE_COMPILATION_CONDITIONS = DEBUG;
				SWIFT_OPTIMIZATION_LEVEL = "-Onone";
			};
			name = Debug;
		};
		C70835A2284DD0DF0061F707 /* Release */ = {
			isa = XCBuildConfiguration;
			buildSettings = {
				ALWAYS_SEARCH_USER_PATHS = NO;
				CLANG_ANALYZER_NONNULL = YES;
				CLANG_ANALYZER_NUMBER_OBJECT_CONVERSION = YES_AGGRESSIVE;
				CLANG_CXX_LANGUAGE_STANDARD = "gnu++17";
				CLANG_ENABLE_MODULES = YES;
				CLANG_ENABLE_OBJC_ARC = YES;
				CLANG_ENABLE_OBJC_WEAK = YES;
				CLANG_WARN_BLOCK_CAPTURE_AUTORELEASING = YES;
				CLANG_WARN_BOOL_CONVERSION = YES;
				CLANG_WARN_COMMA = YES;
				CLANG_WARN_CONSTANT_CONVERSION = YES;
				CLANG_WARN_DEPRECATED_OBJC_IMPLEMENTATIONS = YES;
				CLANG_WARN_DIRECT_OBJC_ISA_USAGE = YES_ERROR;
				CLANG_WARN_DOCUMENTATION_COMMENTS = YES;
				CLANG_WARN_EMPTY_BODY = YES;
				CLANG_WARN_ENUM_CONVERSION = YES;
				CLANG_WARN_INFINITE_RECURSION = YES;
				CLANG_WARN_INT_CONVERSION = YES;
				CLANG_WARN_NON_LITERAL_NULL_CONVERSION = YES;
				CLANG_WARN_OBJC_IMPLICIT_RETAIN_SELF = YES;
				CLANG_WARN_OBJC_LITERAL_CONVERSION = YES;
				CLANG_WARN_OBJC_ROOT_CLASS = YES_ERROR;
				CLANG_WARN_QUOTED_INCLUDE_IN_FRAMEWORK_HEADER = YES;
				CLANG_WARN_RANGE_LOOP_ANALYSIS = YES;
				CLANG_WARN_STRICT_PROTOTYPES = YES;
				CLANG_WARN_SUSPICIOUS_MOVE = YES;
				CLANG_WARN_UNGUARDED_AVAILABILITY = YES_AGGRESSIVE;
				CLANG_WARN_UNREACHABLE_CODE = YES;
				CLANG_WARN__DUPLICATE_METHOD_MATCH = YES;
				COPY_PHASE_STRIP = NO;
				DEBUG_INFORMATION_FORMAT = "dwarf-with-dsym";
				ENABLE_NS_ASSERTIONS = NO;
				ENABLE_STRICT_OBJC_MSGSEND = YES;
				GCC_C_LANGUAGE_STANDARD = gnu11;
				GCC_NO_COMMON_BLOCKS = YES;
				GCC_WARN_64_TO_32_BIT_CONVERSION = YES;
				GCC_WARN_ABOUT_RETURN_TYPE = YES_ERROR;
				GCC_WARN_UNDECLARED_SELECTOR = YES;
				GCC_WARN_UNINITIALIZED_AUTOS = YES_AGGRESSIVE;
				GCC_WARN_UNUSED_FUNCTION = YES;
				GCC_WARN_UNUSED_VARIABLE = YES;
				IPHONEOS_DEPLOYMENT_TARGET = 15.0;
				MTL_ENABLE_DEBUG_INFO = NO;
				MTL_FAST_MATH = YES;
				SDKROOT = iphoneos;
				SWIFT_COMPILATION_MODE = wholemodule;
				SWIFT_OPTIMIZATION_LEVEL = "-O";
				VALIDATE_PRODUCT = YES;
			};
			name = Release;
		};
		C70835A4284DD0DF0061F707 /* Debug */ = {
			isa = XCBuildConfiguration;
			buildSettings = {
				ASSETCATALOG_COMPILER_APPICON_NAME = AppIcon;
				ASSETCATALOG_COMPILER_GLOBAL_ACCENT_COLOR_NAME = AccentColor;
				CODE_SIGN_STYLE = Automatic;
				CURRENT_PROJECT_VERSION = 1;
				DEVELOPMENT_ASSET_PATHS = "\"CleanFish/Preview Content\"";
				DEVELOPMENT_TEAM = Z629PZ4XVL;
				ENABLE_PREVIEWS = YES;
				GENERATE_INFOPLIST_FILE = YES;
				INFOPLIST_FILE = CleanFish/Info.plist;
				INFOPLIST_KEY_NSMicrophoneUsageDescription = "Microphone Usage";
				INFOPLIST_KEY_NSSpeechRecognitionUsageDescription = "Speexh Recognition";
				INFOPLIST_KEY_UIApplicationSceneManifest_Generation = YES;
				INFOPLIST_KEY_UIApplicationSupportsIndirectInputEvents = YES;
				INFOPLIST_KEY_UILaunchScreen_Generation = YES;
				INFOPLIST_KEY_UISupportedInterfaceOrientations = UIInterfaceOrientationLandscapeLeft;
				INFOPLIST_KEY_UISupportedInterfaceOrientations_iPad = "UIInterfaceOrientationPortrait UIInterfaceOrientationPortraitUpsideDown UIInterfaceOrientationLandscapeLeft UIInterfaceOrientationLandscapeRight";
				INFOPLIST_KEY_UISupportedInterfaceOrientations_iPhone = "UIInterfaceOrientationPortrait UIInterfaceOrientationLandscapeLeft UIInterfaceOrientationLandscapeRight";
				LD_RUNPATH_SEARCH_PATHS = (
					"$(inherited)",
					"@executable_path/Frameworks",
				);
				MARKETING_VERSION = 1.0;
				PRODUCT_BUNDLE_IDENTIFIER = com.MC2.RnB.CleanFish;
				PRODUCT_NAME = "$(TARGET_NAME)";
				SWIFT_EMIT_LOC_STRINGS = YES;
				SWIFT_VERSION = 5.0;
				TARGETED_DEVICE_FAMILY = 1;
			};
			name = Debug;
		};
		C70835A5284DD0DF0061F707 /* Release */ = {
			isa = XCBuildConfiguration;
			buildSettings = {
				ASSETCATALOG_COMPILER_APPICON_NAME = AppIcon;
				ASSETCATALOG_COMPILER_GLOBAL_ACCENT_COLOR_NAME = AccentColor;
				CODE_SIGN_STYLE = Automatic;
				CURRENT_PROJECT_VERSION = 1;
				DEVELOPMENT_ASSET_PATHS = "\"CleanFish/Preview Content\"";
				DEVELOPMENT_TEAM = Z629PZ4XVL;
				ENABLE_PREVIEWS = YES;
				GENERATE_INFOPLIST_FILE = YES;
				INFOPLIST_FILE = CleanFish/Info.plist;
				INFOPLIST_KEY_NSMicrophoneUsageDescription = "Microphone Usage";
				INFOPLIST_KEY_NSSpeechRecognitionUsageDescription = "Speexh Recognition";
				INFOPLIST_KEY_UIApplicationSceneManifest_Generation = YES;
				INFOPLIST_KEY_UIApplicationSupportsIndirectInputEvents = YES;
				INFOPLIST_KEY_UILaunchScreen_Generation = YES;
				INFOPLIST_KEY_UISupportedInterfaceOrientations = UIInterfaceOrientationLandscapeLeft;
				INFOPLIST_KEY_UISupportedInterfaceOrientations_iPad = "UIInterfaceOrientationPortrait UIInterfaceOrientationPortraitUpsideDown UIInterfaceOrientationLandscapeLeft UIInterfaceOrientationLandscapeRight";
				INFOPLIST_KEY_UISupportedInterfaceOrientations_iPhone = "UIInterfaceOrientationPortrait UIInterfaceOrientationLandscapeLeft UIInterfaceOrientationLandscapeRight";
				LD_RUNPATH_SEARCH_PATHS = (
					"$(inherited)",
					"@executable_path/Frameworks",
				);
				MARKETING_VERSION = 1.0;
				PRODUCT_BUNDLE_IDENTIFIER = com.MC2.RnB.CleanFish;
				PRODUCT_NAME = "$(TARGET_NAME)";
				SWIFT_EMIT_LOC_STRINGS = YES;
				SWIFT_VERSION = 5.0;
				TARGETED_DEVICE_FAMILY = 1;
			};
			name = Release;
		};
/* End XCBuildConfiguration section */

/* Begin XCConfigurationList section */
		C7083590284DD0DE0061F707 /* Build configuration list for PBXProject "CleanFish" */ = {
			isa = XCConfigurationList;
			buildConfigurations = (
				C70835A1284DD0DF0061F707 /* Debug */,
				C70835A2284DD0DF0061F707 /* Release */,
			);
			defaultConfigurationIsVisible = 0;
			defaultConfigurationName = Release;
		};
		C70835A3284DD0DF0061F707 /* Build configuration list for PBXNativeTarget "CleanFish" */ = {
			isa = XCConfigurationList;
			buildConfigurations = (
				C70835A4284DD0DF0061F707 /* Debug */,
				C70835A5284DD0DF0061F707 /* Release */,
			);
			defaultConfigurationIsVisible = 0;
			defaultConfigurationName = Release;
		};
/* End XCConfigurationList section */

/* Begin XCRemoteSwiftPackageReference section */
		668D57652851A36A00CED7BC /* XCRemoteSwiftPackageReference "lottie-ios" */ = {
			isa = XCRemoteSwiftPackageReference;
			repositoryURL = "https://github.com/airbnb/lottie-ios.git";
			requirement = {
				kind = exactVersion;
				version = 3.3.0;
			};
		};
		F6F8B26A28518CCD005F3925 /* XCRemoteSwiftPackageReference "firebase-ios-sdk" */ = {
			isa = XCRemoteSwiftPackageReference;
			repositoryURL = "https://github.com/firebase/firebase-ios-sdk";
			requirement = {
				branch = master;
				kind = branch;
			};
		};
/* End XCRemoteSwiftPackageReference section */

/* Begin XCSwiftPackageProductDependency section */
		668D57662851A36A00CED7BC /* Lottie */ = {
			isa = XCSwiftPackageProductDependency;
			package = 668D57652851A36A00CED7BC /* XCRemoteSwiftPackageReference "lottie-ios" */;
			productName = Lottie;
		};
		F6F8B26B28518CCD005F3925 /* FirebaseAuth */ = {
			isa = XCSwiftPackageProductDependency;
			package = F6F8B26A28518CCD005F3925 /* XCRemoteSwiftPackageReference "firebase-ios-sdk" */;
			productName = FirebaseAuth;
		};
		F6F8B26D28518CCE005F3925 /* FirebaseFirestore */ = {
			isa = XCSwiftPackageProductDependency;
			package = F6F8B26A28518CCD005F3925 /* XCRemoteSwiftPackageReference "firebase-ios-sdk" */;
			productName = FirebaseFirestore;
		};
		F6F8B26F28518CCE005F3925 /* FirebaseFirestoreSwift */ = {
			isa = XCSwiftPackageProductDependency;
			package = F6F8B26A28518CCD005F3925 /* XCRemoteSwiftPackageReference "firebase-ios-sdk" */;
			productName = FirebaseFirestoreSwift;
		};
		F6F8B27128518CCE005F3925 /* FirebaseStorage */ = {
			isa = XCSwiftPackageProductDependency;
			package = F6F8B26A28518CCD005F3925 /* XCRemoteSwiftPackageReference "firebase-ios-sdk" */;
			productName = FirebaseStorage;
		};
/* End XCSwiftPackageProductDependency section */
	};
	rootObject = C708358D284DD0DE0061F707 /* Project object */;
}
