// !$*UTF8*$!
{
	archiveVersion = 1;
	classes = {
	};
	objectVersion = 55;
	objects = {

/* Begin PBXBuildFile section */
		6665072F285614DB002D547B /* VoiceGuideView.swift in Sources */ = {isa = PBXBuildFile; fileRef = 6665072E285614DB002D547B /* VoiceGuideView.swift */; };
		66BBD3642850348900FD3026 /* SwipeGuideView.swift in Sources */ = {isa = PBXBuildFile; fileRef = 66BBD3632850348900FD3026 /* SwipeGuideView.swift */; };
		9E00163A284DF8970068E4D0 /* StepSlideView.swift in Sources */ = {isa = PBXBuildFile; fileRef = 9E001639284DF8970068E4D0 /* StepSlideView.swift */; };
		9E00163E284E143F0068E4D0 /* StepLayoutView.swift in Sources */ = {isa = PBXBuildFile; fileRef = 9E00163D284E143F0068E4D0 /* StepLayoutView.swift */; };
		9EB362742850F729001E9BEE /* Colors.xcassets in Resources */ = {isa = PBXBuildFile; fileRef = 9EB362732850F729001E9BEE /* Colors.xcassets */; };
		9EB362762850F830001E9BEE /* Color+Extension.swift in Sources */ = {isa = PBXBuildFile; fileRef = 9EB362752850F830001E9BEE /* Color+Extension.swift */; };
		9ED47F56285588D500203073 /* Images.xcassets in Resources */ = {isa = PBXBuildFile; fileRef = 9ED47F55285588D500203073 /* Images.xcassets */; };
		C54DE35C285B652E00868BCB /* RnBSoundClassifier.mlmodel in Sources */ = {isa = PBXBuildFile; fileRef = C54DE35B285B652E00868BCB /* RnBSoundClassifier.mlmodel */; };
		C70835A0284DD0DF0061F707 /* Preview Assets.xcassets in Resources */ = {isa = PBXBuildFile; fileRef = C708359F284DD0DF0061F707 /* Preview Assets.xcassets */; };
		C710ADC52850395500DA181C /* Recipe.swift in Sources */ = {isa = PBXBuildFile; fileRef = C710ADC42850395500DA181C /* Recipe.swift */; };
		C715D4412859DAE7005A22A9 /* AppDelegate.swift in Sources */ = {isa = PBXBuildFile; fileRef = C715D4402859DAE7005A22A9 /* AppDelegate.swift */; };
		C71CB55C285640DB0061E710 /* voicecontrol.gif in Resources */ = {isa = PBXBuildFile; fileRef = C71CB55A285640DB0061E710 /* voicecontrol.gif */; };
		C71CB55D285640DB0061E710 /* swipe.gif in Resources */ = {isa = PBXBuildFile; fileRef = C71CB55B285640DB0061E710 /* swipe.gif */; };
		C71CB55F2856410C0061E710 /* GIFView.swift in Sources */ = {isa = PBXBuildFile; fileRef = C71CB55E2856410C0061E710 /* GIFView.swift */; };
		C71CB561285811C80061E710 /* AppController.swift in Sources */ = {isa = PBXBuildFile; fileRef = C71CB560285811C80061E710 /* AppController.swift */; };
		C71CB563285825830061E710 /* wave.json in Resources */ = {isa = PBXBuildFile; fileRef = C71CB562285825830061E710 /* wave.json */; };
		C769D6E328562EB800BC60E8 /* PermissionManager.swift in Sources */ = {isa = PBXBuildFile; fileRef = C769D6E228562EB800BC60E8 /* PermissionManager.swift */; };
		C76FA9522853A1240056F935 /* NetworkManager.swift in Sources */ = {isa = PBXBuildFile; fileRef = C76FA9512853A1240056F935 /* NetworkManager.swift */; };
		C78D00D02854BEB900476032 /* RecipeVO.swift in Sources */ = {isa = PBXBuildFile; fileRef = C78D00CF2854BEB900476032 /* RecipeVO.swift */; };
		C79478A528507F6B00AB4124 /* LottieView.swift in Sources */ = {isa = PBXBuildFile; fileRef = C79478A428507F6B00AB4124 /* LottieView.swift */; };
		C79478A72850828900AB4124 /* SelectFishView.swift in Sources */ = {isa = PBXBuildFile; fileRef = C79478A62850828900AB4124 /* SelectFishView.swift */; };
		C79478A92850909700AB4124 /* MainView.swift in Sources */ = {isa = PBXBuildFile; fileRef = C79478A82850909700AB4124 /* MainView.swift */; };
		C79478AB285091DC00AB4124 /* SelectRecipeView.swift in Sources */ = {isa = PBXBuildFile; fileRef = C79478AA285091DC00AB4124 /* SelectRecipeView.swift */; };
		C79478AD28509DF800AB4124 /* String+Extension.swift in Sources */ = {isa = PBXBuildFile; fileRef = C79478AC28509DF800AB4124 /* String+Extension.swift */; };
		C7B1DC462854D69D00B875EF /* Step.swift in Sources */ = {isa = PBXBuildFile; fileRef = C7B1DC452854D69C00B875EF /* Step.swift */; };
		C7C5022D2858CD9900B9C5BD /* VideoPlayerView.swift in Sources */ = {isa = PBXBuildFile; fileRef = C7C5022C2858CD9900B9C5BD /* VideoPlayerView.swift */; };
		C7DF2DC52855D475009CA4DB /* mackerel.json in Resources */ = {isa = PBXBuildFile; fileRef = C7DF2DC42855D475009CA4DB /* mackerel.json */; };
		C7DF2DC72855D479009CA4DB /* flatfish.json in Resources */ = {isa = PBXBuildFile; fileRef = C7DF2DC62855D479009CA4DB /* flatfish.json */; };
		C7E31F812855B35C00CD0188 /* CleanFishApp.swift in Sources */ = {isa = PBXBuildFile; fileRef = C7E31F7E2855B35C00CD0188 /* CleanFishApp.swift */; };
		C7E31F852855B37300CD0188 /* Fish.swift in Sources */ = {isa = PBXBuildFile; fileRef = C7E31F842855B37300CD0188 /* Fish.swift */; };
		C7E31F872855B3D300CD0188 /* Assets.xcassets in Resources */ = {isa = PBXBuildFile; fileRef = C7E31F862855B3D300CD0188 /* Assets.xcassets */; };
		C7E31F892855B42E00CD0188 /* GoogleService-Info.plist in Resources */ = {isa = PBXBuildFile; fileRef = C7E31F7F2855B35C00CD0188 /* GoogleService-Info.plist */; };
		C7E31F972855BF5600CD0188 /* Lottie in Frameworks */ = {isa = PBXBuildFile; productRef = C7E31F962855BF5600CD0188 /* Lottie */; };
		F6BBD29B28587C5E00F812EA /* SoundModel.swift in Sources */ = {isa = PBXBuildFile; fileRef = F6BBD29A28587C5E00F812EA /* SoundModel.swift */; };
		F6BBD2A128587D3000F812EA /* AudioManger.swift in Sources */ = {isa = PBXBuildFile; fileRef = F6BBD2A028587D3000F812EA /* AudioManger.swift */; };
		F6BBD2A328587D5600F812EA /* AudioObserver.swift in Sources */ = {isa = PBXBuildFile; fileRef = F6BBD2A228587D5600F812EA /* AudioObserver.swift */; };
		F6F8B28028535D36005F3925 /* PlayerUIView.swift in Sources */ = {isa = PBXBuildFile; fileRef = F6F8B27F28535D36005F3925 /* PlayerUIView.swift */; };
/* End PBXBuildFile section */

/* Begin PBXFileReference section */
		6665072E285614DB002D547B /* VoiceGuideView.swift */ = {isa = PBXFileReference; lastKnownFileType = sourcecode.swift; path = VoiceGuideView.swift; sourceTree = "<group>"; };
		66BBD3632850348900FD3026 /* SwipeGuideView.swift */ = {isa = PBXFileReference; lastKnownFileType = sourcecode.swift; path = SwipeGuideView.swift; sourceTree = "<group>"; };
		9E001639284DF8970068E4D0 /* StepSlideView.swift */ = {isa = PBXFileReference; lastKnownFileType = sourcecode.swift; path = StepSlideView.swift; sourceTree = "<group>"; };
		9E00163D284E143F0068E4D0 /* StepLayoutView.swift */ = {isa = PBXFileReference; lastKnownFileType = sourcecode.swift; path = StepLayoutView.swift; sourceTree = "<group>"; };
		9EB362732850F729001E9BEE /* Colors.xcassets */ = {isa = PBXFileReference; lastKnownFileType = folder.assetcatalog; name = Colors.xcassets; path = ../Colors.xcassets; sourceTree = "<group>"; };
		9EB362752850F830001E9BEE /* Color+Extension.swift */ = {isa = PBXFileReference; lastKnownFileType = sourcecode.swift; path = "Color+Extension.swift"; sourceTree = "<group>"; };
		9ED47F55285588D500203073 /* Images.xcassets */ = {isa = PBXFileReference; lastKnownFileType = folder.assetcatalog; path = Images.xcassets; sourceTree = "<group>"; };
		C54DE35B285B652E00868BCB /* RnBSoundClassifier.mlmodel */ = {isa = PBXFileReference; lastKnownFileType = file.mlmodel; path = RnBSoundClassifier.mlmodel; sourceTree = "<group>"; };
		C7083595284DD0DE0061F707 /* CleanFish.app */ = {isa = PBXFileReference; explicitFileType = wrapper.application; includeInIndex = 0; path = CleanFish.app; sourceTree = BUILT_PRODUCTS_DIR; };
		C708359F284DD0DF0061F707 /* Preview Assets.xcassets */ = {isa = PBXFileReference; lastKnownFileType = folder.assetcatalog; path = "Preview Assets.xcassets"; sourceTree = "<group>"; };
		C710ADC42850395500DA181C /* Recipe.swift */ = {isa = PBXFileReference; lastKnownFileType = sourcecode.swift; path = Recipe.swift; sourceTree = "<group>"; };
		C715D4402859DAE7005A22A9 /* AppDelegate.swift */ = {isa = PBXFileReference; lastKnownFileType = sourcecode.swift; path = AppDelegate.swift; sourceTree = "<group>"; };
		C71CB55A285640DB0061E710 /* voicecontrol.gif */ = {isa = PBXFileReference; lastKnownFileType = image.gif; path = voicecontrol.gif; sourceTree = "<group>"; };
		C71CB55B285640DB0061E710 /* swipe.gif */ = {isa = PBXFileReference; lastKnownFileType = image.gif; path = swipe.gif; sourceTree = "<group>"; };
		C71CB55E2856410C0061E710 /* GIFView.swift */ = {isa = PBXFileReference; lastKnownFileType = sourcecode.swift; path = GIFView.swift; sourceTree = "<group>"; };
		C71CB560285811C80061E710 /* AppController.swift */ = {isa = PBXFileReference; lastKnownFileType = sourcecode.swift; path = AppController.swift; sourceTree = "<group>"; };
		C71CB562285825830061E710 /* wave.json */ = {isa = PBXFileReference; fileEncoding = 4; lastKnownFileType = text.json; path = wave.json; sourceTree = "<group>"; };
		C75233A2285189B8005E49D7 /* .swiftlint.yml */ = {isa = PBXFileReference; lastKnownFileType = text.yaml; path = .swiftlint.yml; sourceTree = "<group>"; };
		C769D6E228562EB800BC60E8 /* PermissionManager.swift */ = {isa = PBXFileReference; lastKnownFileType = sourcecode.swift; path = PermissionManager.swift; sourceTree = "<group>"; };
		C76FA9512853A1240056F935 /* NetworkManager.swift */ = {isa = PBXFileReference; lastKnownFileType = sourcecode.swift; path = NetworkManager.swift; sourceTree = "<group>"; };
		C78D00CF2854BEB900476032 /* RecipeVO.swift */ = {isa = PBXFileReference; lastKnownFileType = sourcecode.swift; path = RecipeVO.swift; sourceTree = "<group>"; };
		C79478A428507F6B00AB4124 /* LottieView.swift */ = {isa = PBXFileReference; lastKnownFileType = sourcecode.swift; path = LottieView.swift; sourceTree = "<group>"; };
		C79478A62850828900AB4124 /* SelectFishView.swift */ = {isa = PBXFileReference; lastKnownFileType = sourcecode.swift; path = SelectFishView.swift; sourceTree = "<group>"; };
		C79478A82850909700AB4124 /* MainView.swift */ = {isa = PBXFileReference; lastKnownFileType = sourcecode.swift; path = MainView.swift; sourceTree = "<group>"; };
		C79478AA285091DC00AB4124 /* SelectRecipeView.swift */ = {isa = PBXFileReference; lastKnownFileType = sourcecode.swift; path = SelectRecipeView.swift; sourceTree = "<group>"; };
		C79478AC28509DF800AB4124 /* String+Extension.swift */ = {isa = PBXFileReference; lastKnownFileType = sourcecode.swift; path = "String+Extension.swift"; sourceTree = "<group>"; };
		C7B1DC452854D69C00B875EF /* Step.swift */ = {isa = PBXFileReference; lastKnownFileType = sourcecode.swift; path = Step.swift; sourceTree = "<group>"; };
		C7C5022C2858CD9900B9C5BD /* VideoPlayerView.swift */ = {isa = PBXFileReference; lastKnownFileType = sourcecode.swift; path = VideoPlayerView.swift; sourceTree = "<group>"; };
		C7DF2DC42855D475009CA4DB /* mackerel.json */ = {isa = PBXFileReference; fileEncoding = 4; lastKnownFileType = text.json; path = mackerel.json; sourceTree = "<group>"; };
		C7DF2DC62855D479009CA4DB /* flatfish.json */ = {isa = PBXFileReference; fileEncoding = 4; lastKnownFileType = text.json; path = flatfish.json; sourceTree = "<group>"; };
		C7E31F7E2855B35C00CD0188 /* CleanFishApp.swift */ = {isa = PBXFileReference; fileEncoding = 4; lastKnownFileType = sourcecode.swift; path = CleanFishApp.swift; sourceTree = "<group>"; };
		C7E31F7F2855B35C00CD0188 /* GoogleService-Info.plist */ = {isa = PBXFileReference; fileEncoding = 4; lastKnownFileType = text.plist.xml; path = "GoogleService-Info.plist"; sourceTree = "<group>"; };
		C7E31F802855B35C00CD0188 /* Info.plist */ = {isa = PBXFileReference; fileEncoding = 4; lastKnownFileType = text.plist.xml; path = Info.plist; sourceTree = "<group>"; };
		C7E31F842855B37300CD0188 /* Fish.swift */ = {isa = PBXFileReference; fileEncoding = 4; lastKnownFileType = sourcecode.swift; path = Fish.swift; sourceTree = "<group>"; };
		C7E31F862855B3D300CD0188 /* Assets.xcassets */ = {isa = PBXFileReference; lastKnownFileType = folder.assetcatalog; path = Assets.xcassets; sourceTree = "<group>"; };
		F6BBD29A28587C5E00F812EA /* SoundModel.swift */ = {isa = PBXFileReference; lastKnownFileType = sourcecode.swift; path = SoundModel.swift; sourceTree = "<group>"; };
		F6BBD2A028587D3000F812EA /* AudioManger.swift */ = {isa = PBXFileReference; lastKnownFileType = sourcecode.swift; path = AudioManger.swift; sourceTree = "<group>"; };
		F6BBD2A228587D5600F812EA /* AudioObserver.swift */ = {isa = PBXFileReference; lastKnownFileType = sourcecode.swift; path = AudioObserver.swift; sourceTree = "<group>"; };
		F6F8B27F28535D36005F3925 /* PlayerUIView.swift */ = {isa = PBXFileReference; lastKnownFileType = sourcecode.swift; path = PlayerUIView.swift; sourceTree = "<group>"; };
/* End PBXFileReference section */

/* Begin PBXFrameworksBuildPhase section */
		C7083592284DD0DE0061F707 /* Frameworks */ = {
			isa = PBXFrameworksBuildPhase;
			buildActionMask = 2147483647;
			files = (
				C7E31F972855BF5600CD0188 /* Lottie in Frameworks */,
			);
			runOnlyForDeploymentPostprocessing = 0;
		};
/* End PBXFrameworksBuildPhase section */

/* Begin PBXGroup section */
		C708358C284DD0DE0061F707 = {
			isa = PBXGroup;
			children = (
				C7083597284DD0DE0061F707 /* CleanFish */,
				C7083596284DD0DE0061F707 /* Products */,
				C7E31F8B2855B51000CD0188 /* Frameworks */,
			);
			sourceTree = "<group>";
		};
		C7083596284DD0DE0061F707 /* Products */ = {
			isa = PBXGroup;
			children = (
				C7083595284DD0DE0061F707 /* CleanFish.app */,
			);
			name = Products;
			sourceTree = "<group>";
		};
		C7083597284DD0DE0061F707 /* CleanFish */ = {
			isa = PBXGroup;
			children = (
				C75233A2285189B8005E49D7 /* .swiftlint.yml */,
				C78D00CB2854BE4D00476032 /* App */,
				C78D00CC2854BE5D00476032 /* Assets */,
				C769D6E4285634DA00BC60E8 /* Manager */,
				C78D00CE2854BE9200476032 /* Model */,
				C78D00CD2854BE8800476032 /* Extension */,
				C7C5022B2858CCDB00B9C5BD /* View */,
				C54DE35B285B652E00868BCB /* RnBSoundClassifier.mlmodel */,
				C708359E284DD0DF0061F707 /* Preview Content */,
			);
			path = CleanFish;
			sourceTree = "<group>";
		};
		C708359E284DD0DF0061F707 /* Preview Content */ = {
			isa = PBXGroup;
			children = (
				C708359F284DD0DF0061F707 /* Preview Assets.xcassets */,
			);
			path = "Preview Content";
			sourceTree = "<group>";
		};
		C769D6E4285634DA00BC60E8 /* Manager */ = {
			isa = PBXGroup;
			children = (
				C769D6E228562EB800BC60E8 /* PermissionManager.swift */,
				C76FA9512853A1240056F935 /* NetworkManager.swift */,
				F6BBD2A028587D3000F812EA /* AudioManger.swift */,
				F6BBD2A228587D5600F812EA /* AudioObserver.swift */,
			);
			path = Manager;
			sourceTree = "<group>";
		};
		C78D00CB2854BE4D00476032 /* App */ = {
			isa = PBXGroup;
			children = (
				C7E31F7E2855B35C00CD0188 /* CleanFishApp.swift */,
				C71CB560285811C80061E710 /* AppController.swift */,
				C715D4402859DAE7005A22A9 /* AppDelegate.swift */,
				C7E31F7F2855B35C00CD0188 /* GoogleService-Info.plist */,
				C7E31F802855B35C00CD0188 /* Info.plist */,
			);
			path = App;
			sourceTree = "<group>";
		};
		C78D00CC2854BE5D00476032 /* Assets */ = {
			isa = PBXGroup;
			children = (
				9ED47F55285588D500203073 /* Images.xcassets */,
				9EB362732850F729001E9BEE /* Colors.xcassets */,
				C7E31F862855B3D300CD0188 /* Assets.xcassets */,
				C7DF2DC62855D479009CA4DB /* flatfish.json */,
				C7DF2DC42855D475009CA4DB /* mackerel.json */,
				C71CB562285825830061E710 /* wave.json */,
				C71CB55B285640DB0061E710 /* swipe.gif */,
				C71CB55A285640DB0061E710 /* voicecontrol.gif */,
			);
			path = Assets;
			sourceTree = "<group>";
		};
		C78D00CD2854BE8800476032 /* Extension */ = {
			isa = PBXGroup;
			children = (
				9EB362752850F830001E9BEE /* Color+Extension.swift */,
				C79478AC28509DF800AB4124 /* String+Extension.swift */,
			);
			path = Extension;
			sourceTree = "<group>";
		};
		C78D00CE2854BE9200476032 /* Model */ = {
			isa = PBXGroup;
			children = (
				C710ADC42850395500DA181C /* Recipe.swift */,
				C78D00CF2854BEB900476032 /* RecipeVO.swift */,
				C7E31F842855B37300CD0188 /* Fish.swift */,
				C7B1DC452854D69C00B875EF /* Step.swift */,
				F6BBD29A28587C5E00F812EA /* SoundModel.swift */,
			);
			path = Model;
			sourceTree = "<group>";
		};
		C7C5022B2858CCDB00B9C5BD /* View */ = {
			isa = PBXGroup;
			children = (
				C79478A82850909700AB4124 /* MainView.swift */,
				C79478A62850828900AB4124 /* SelectFishView.swift */,
				C79478AA285091DC00AB4124 /* SelectRecipeView.swift */,
				6665072E285614DB002D547B /* VoiceGuideView.swift */,
				66BBD3632850348900FD3026 /* SwipeGuideView.swift */,
				9E001639284DF8970068E4D0 /* StepSlideView.swift */,
				9E00163D284E143F0068E4D0 /* StepLayoutView.swift */,
				C7C5022F2858CE7A00B9C5BD /* UIKitView */,
				C7C5022E2858CDAC00B9C5BD /* UIViewRepresentable */,
			);
			path = View;
			sourceTree = "<group>";
		};
		C7C5022E2858CDAC00B9C5BD /* UIViewRepresentable */ = {
			isa = PBXGroup;
			children = (
				C71CB55E2856410C0061E710 /* GIFView.swift */,
				C79478A428507F6B00AB4124 /* LottieView.swift */,
				C7C5022C2858CD9900B9C5BD /* VideoPlayerView.swift */,
			);
			path = UIViewRepresentable;
			sourceTree = "<group>";
		};
		C7C5022F2858CE7A00B9C5BD /* UIKitView */ = {
			isa = PBXGroup;
			children = (
				F6F8B27F28535D36005F3925 /* PlayerUIView.swift */,
			);
			path = UIKitView;
			sourceTree = "<group>";
		};
		C7E31F8B2855B51000CD0188 /* Frameworks */ = {
			isa = PBXGroup;
			children = (
			);
			name = Frameworks;
			sourceTree = "<group>";
		};
/* End PBXGroup section */

/* Begin PBXNativeTarget section */
		C7083594284DD0DE0061F707 /* CleanFish */ = {
			isa = PBXNativeTarget;
			buildConfigurationList = C70835A3284DD0DF0061F707 /* Build configuration list for PBXNativeTarget "CleanFish" */;
			buildPhases = (
				C7083591284DD0DE0061F707 /* Sources */,
				C7083592284DD0DE0061F707 /* Frameworks */,
				C7083593284DD0DE0061F707 /* Resources */,
				665D0A422850274A00C78366 /* ShellScript */,
			);
			buildRules = (
			);
			dependencies = (
			);
			name = CleanFish;
			packageProductDependencies = (
				C7E31F962855BF5600CD0188 /* Lottie */,
			);
			productName = CleanFish;
			productReference = C7083595284DD0DE0061F707 /* CleanFish.app */;
			productType = "com.apple.product-type.application";
		};
/* End PBXNativeTarget section */

/* Begin PBXProject section */
		C708358D284DD0DE0061F707 /* Project object */ = {
			isa = PBXProject;
			attributes = {
				BuildIndependentTargetsInParallel = 1;
				LastSwiftUpdateCheck = 1330;
				LastUpgradeCheck = 1330;
				TargetAttributes = {
					C7083594284DD0DE0061F707 = {
						CreatedOnToolsVersion = 13.3;
					};
				};
			};
			buildConfigurationList = C7083590284DD0DE0061F707 /* Build configuration list for PBXProject "CleanFish" */;
			compatibilityVersion = "Xcode 13.0";
			developmentRegion = en;
			hasScannedForEncodings = 0;
			knownRegions = (
				en,
				Base,
			);
			mainGroup = C708358C284DD0DE0061F707;
			packageReferences = (
				C7E31F952855BF5600CD0188 /* XCRemoteSwiftPackageReference "lottie-ios" */,
			);
			productRefGroup = C7083596284DD0DE0061F707 /* Products */;
			projectDirPath = "";
			projectRoot = "";
			targets = (
				C7083594284DD0DE0061F707 /* CleanFish */,
			);
		};
/* End PBXProject section */

/* Begin PBXResourcesBuildPhase section */
		C7083593284DD0DE0061F707 /* Resources */ = {
			isa = PBXResourcesBuildPhase;
			buildActionMask = 2147483647;
			files = (
				C7E31F892855B42E00CD0188 /* GoogleService-Info.plist in Resources */,
				C71CB55D285640DB0061E710 /* swipe.gif in Resources */,
				C7DF2DC52855D475009CA4DB /* mackerel.json in Resources */,
				C71CB563285825830061E710 /* wave.json in Resources */,
				9EB362742850F729001E9BEE /* Colors.xcassets in Resources */,
				9ED47F56285588D500203073 /* Images.xcassets in Resources */,
				C71CB55C285640DB0061E710 /* voicecontrol.gif in Resources */,
				C70835A0284DD0DF0061F707 /* Preview Assets.xcassets in Resources */,
				C7E31F872855B3D300CD0188 /* Assets.xcassets in Resources */,
				C7DF2DC72855D479009CA4DB /* flatfish.json in Resources */,
			);
			runOnlyForDeploymentPostprocessing = 0;
		};
/* End PBXResourcesBuildPhase section */

/* Begin PBXShellScriptBuildPhase section */
		665D0A422850274A00C78366 /* ShellScript */ = {
			isa = PBXShellScriptBuildPhase;
			buildActionMask = 2147483647;
			files = (
			);
			inputFileListPaths = (
			);
			inputPaths = (
			);
			outputFileListPaths = (
			);
			outputPaths = (
			);
			runOnlyForDeploymentPostprocessing = 0;
			shellPath = /bin/sh;
			shellScript = "# Type a script or drag a script file from your workspace to insert its path.\nexport PATH=\"$PATH:/opt/homebrew/bin\"\nif which swiftlint > /dev/null; then\n  swiftlint\nelse\n  echo \"warning: SwiftLint not installed, download from https://github.com/realm/SwiftLint\"\nfi\n";
		};
/* End PBXShellScriptBuildPhase section */

/* Begin PBXSourcesBuildPhase section */
		C7083591284DD0DE0061F707 /* Sources */ = {
			isa = PBXSourcesBuildPhase;
			buildActionMask = 2147483647;
			files = (
				9E00163E284E143F0068E4D0 /* StepLayoutView.swift in Sources */,
				C71CB55F2856410C0061E710 /* GIFView.swift in Sources */,
				9E00163A284DF8970068E4D0 /* StepSlideView.swift in Sources */,
				C7B1DC462854D69D00B875EF /* Step.swift in Sources */,
				C715D4412859DAE7005A22A9 /* AppDelegate.swift in Sources */,
				C76FA9522853A1240056F935 /* NetworkManager.swift in Sources */,
				C79478AD28509DF800AB4124 /* String+Extension.swift in Sources */,
				C79478A92850909700AB4124 /* MainView.swift in Sources */,
				6665072F285614DB002D547B /* VoiceGuideView.swift in Sources */,
				F6F8B28028535D36005F3925 /* PlayerUIView.swift in Sources */,
				C79478A72850828900AB4124 /* SelectFishView.swift in Sources */,
				F6BBD2A328587D5600F812EA /* AudioObserver.swift in Sources */,
				C79478AB285091DC00AB4124 /* SelectRecipeView.swift in Sources */,
				C78D00D02854BEB900476032 /* RecipeVO.swift in Sources */,
				C79478A528507F6B00AB4124 /* LottieView.swift in Sources */,
				C7E31F852855B37300CD0188 /* Fish.swift in Sources */,
				C7C5022D2858CD9900B9C5BD /* VideoPlayerView.swift in Sources */,
				9EB362762850F830001E9BEE /* Color+Extension.swift in Sources */,
				C54DE35C285B652E00868BCB /* RnBSoundClassifier.mlmodel in Sources */,
				F6BBD2A128587D3000F812EA /* AudioManger.swift in Sources */,
				66BBD3642850348900FD3026 /* SwipeGuideView.swift in Sources */,
				C710ADC52850395500DA181C /* Recipe.swift in Sources */,
				F6BBD29B28587C5E00F812EA /* SoundModel.swift in Sources */,
				C769D6E328562EB800BC60E8 /* PermissionManager.swift in Sources */,
				C7E31F812855B35C00CD0188 /* CleanFishApp.swift in Sources */,
				C71CB561285811C80061E710 /* AppController.swift in Sources */,
			);
			runOnlyForDeploymentPostprocessing = 0;
		};
/* End PBXSourcesBuildPhase section */

/* Begin XCBuildConfiguration section */
		C70835A1284DD0DF0061F707 /* Debug */ = {
			isa = XCBuildConfiguration;
			buildSettings = {
				ALWAYS_SEARCH_USER_PATHS = NO;
				CLANG_ANALYZER_NONNULL = YES;
				CLANG_ANALYZER_NUMBER_OBJECT_CONVERSION = YES_AGGRESSIVE;
				CLANG_CXX_LANGUAGE_STANDARD = "gnu++17";
				CLANG_ENABLE_MODULES = YES;
				CLANG_ENABLE_OBJC_ARC = YES;
				CLANG_ENABLE_OBJC_WEAK = YES;
				CLANG_WARN_BLOCK_CAPTURE_AUTORELEASING = YES;
				CLANG_WARN_BOOL_CONVERSION = YES;
				CLANG_WARN_COMMA = YES;
				CLANG_WARN_CONSTANT_CONVERSION = YES;
				CLANG_WARN_DEPRECATED_OBJC_IMPLEMENTATIONS = YES;
				CLANG_WARN_DIRECT_OBJC_ISA_USAGE = YES_ERROR;
				CLANG_WARN_DOCUMENTATION_COMMENTS = YES;
				CLANG_WARN_EMPTY_BODY = YES;
				CLANG_WARN_ENUM_CONVERSION = YES;
				CLANG_WARN_INFINITE_RECURSION = YES;
				CLANG_WARN_INT_CONVERSION = YES;
				CLANG_WARN_NON_LITERAL_NULL_CONVERSION = YES;
				CLANG_WARN_OBJC_IMPLICIT_RETAIN_SELF = YES;
				CLANG_WARN_OBJC_LITERAL_CONVERSION = YES;
				CLANG_WARN_OBJC_ROOT_CLASS = YES_ERROR;
				CLANG_WARN_QUOTED_INCLUDE_IN_FRAMEWORK_HEADER = YES;
				CLANG_WARN_RANGE_LOOP_ANALYSIS = YES;
				CLANG_WARN_STRICT_PROTOTYPES = YES;
				CLANG_WARN_SUSPICIOUS_MOVE = YES;
				CLANG_WARN_UNGUARDED_AVAILABILITY = YES_AGGRESSIVE;
				CLANG_WARN_UNREACHABLE_CODE = YES;
				CLANG_WARN__DUPLICATE_METHOD_MATCH = YES;
				COPY_PHASE_STRIP = NO;
				DEBUG_INFORMATION_FORMAT = dwarf;
				ENABLE_STRICT_OBJC_MSGSEND = YES;
				ENABLE_TESTABILITY = YES;
				GCC_C_LANGUAGE_STANDARD = gnu11;
				GCC_DYNAMIC_NO_PIC = NO;
				GCC_NO_COMMON_BLOCKS = YES;
				GCC_OPTIMIZATION_LEVEL = 0;
				GCC_PREPROCESSOR_DEFINITIONS = (
					"DEBUG=1",
					"$(inherited)",
				);
				GCC_WARN_64_TO_32_BIT_CONVERSION = YES;
				GCC_WARN_ABOUT_RETURN_TYPE = YES_ERROR;
				GCC_WARN_UNDECLARED_SELECTOR = YES;
				GCC_WARN_UNINITIALIZED_AUTOS = YES_AGGRESSIVE;
				GCC_WARN_UNUSED_FUNCTION = YES;
				GCC_WARN_UNUSED_VARIABLE = YES;
				IPHONEOS_DEPLOYMENT_TARGET = 15.0;
				MTL_ENABLE_DEBUG_INFO = INCLUDE_SOURCE;
				MTL_FAST_MATH = YES;
				ONLY_ACTIVE_ARCH = YES;
				SDKROOT = iphoneos;
				SWIFT_ACTIVE_COMPILATION_CONDITIONS = DEBUG;
				SWIFT_OPTIMIZATION_LEVEL = "-Onone";
			};
			name = Debug;
		};
		C70835A2284DD0DF0061F707 /* Release */ = {
			isa = XCBuildConfiguration;
			buildSettings = {
				ALWAYS_SEARCH_USER_PATHS = NO;
				CLANG_ANALYZER_NONNULL = YES;
				CLANG_ANALYZER_NUMBER_OBJECT_CONVERSION = YES_AGGRESSIVE;
				CLANG_CXX_LANGUAGE_STANDARD = "gnu++17";
				CLANG_ENABLE_MODULES = YES;
				CLANG_ENABLE_OBJC_ARC = YES;
				CLANG_ENABLE_OBJC_WEAK = YES;
				CLANG_WARN_BLOCK_CAPTURE_AUTORELEASING = YES;
				CLANG_WARN_BOOL_CONVERSION = YES;
				CLANG_WARN_COMMA = YES;
				CLANG_WARN_CONSTANT_CONVERSION = YES;
				CLANG_WARN_DEPRECATED_OBJC_IMPLEMENTATIONS = YES;
				CLANG_WARN_DIRECT_OBJC_ISA_USAGE = YES_ERROR;
				CLANG_WARN_DOCUMENTATION_COMMENTS = YES;
				CLANG_WARN_EMPTY_BODY = YES;
				CLANG_WARN_ENUM_CONVERSION = YES;
				CLANG_WARN_INFINITE_RECURSION = YES;
				CLANG_WARN_INT_CONVERSION = YES;
				CLANG_WARN_NON_LITERAL_NULL_CONVERSION = YES;
				CLANG_WARN_OBJC_IMPLICIT_RETAIN_SELF = YES;
				CLANG_WARN_OBJC_LITERAL_CONVERSION = YES;
				CLANG_WARN_OBJC_ROOT_CLASS = YES_ERROR;
				CLANG_WARN_QUOTED_INCLUDE_IN_FRAMEWORK_HEADER = YES;
				CLANG_WARN_RANGE_LOOP_ANALYSIS = YES;
				CLANG_WARN_STRICT_PROTOTYPES = YES;
				CLANG_WARN_SUSPICIOUS_MOVE = YES;
				CLANG_WARN_UNGUARDED_AVAILABILITY = YES_AGGRESSIVE;
				CLANG_WARN_UNREACHABLE_CODE = YES;
				CLANG_WARN__DUPLICATE_METHOD_MATCH = YES;
				COPY_PHASE_STRIP = NO;
				DEBUG_INFORMATION_FORMAT = "dwarf-with-dsym";
				ENABLE_NS_ASSERTIONS = NO;
				ENABLE_STRICT_OBJC_MSGSEND = YES;
				GCC_C_LANGUAGE_STANDARD = gnu11;
				GCC_NO_COMMON_BLOCKS = YES;
				GCC_WARN_64_TO_32_BIT_CONVERSION = YES;
				GCC_WARN_ABOUT_RETURN_TYPE = YES_ERROR;
				GCC_WARN_UNDECLARED_SELECTOR = YES;
				GCC_WARN_UNINITIALIZED_AUTOS = YES_AGGRESSIVE;
				GCC_WARN_UNUSED_FUNCTION = YES;
				GCC_WARN_UNUSED_VARIABLE = YES;
				IPHONEOS_DEPLOYMENT_TARGET = 15.0;
				MTL_ENABLE_DEBUG_INFO = NO;
				MTL_FAST_MATH = YES;
				SDKROOT = iphoneos;
				SWIFT_COMPILATION_MODE = wholemodule;
				SWIFT_OPTIMIZATION_LEVEL = "-O";
				VALIDATE_PRODUCT = YES;
			};
			name = Release;
		};
		C70835A4284DD0DF0061F707 /* Debug */ = {
			isa = XCBuildConfiguration;
			buildSettings = {
				ASSETCATALOG_COMPILER_APPICON_NAME = AppIcon;
				ASSETCATALOG_COMPILER_GLOBAL_ACCENT_COLOR_NAME = AccentColor;
				ASSETCATALOG_COMPILER_INCLUDE_ALL_APPICON_ASSETS = YES;
				CODE_SIGN_IDENTITY = "Apple Development";
				CODE_SIGN_STYLE = Automatic;
				CURRENT_PROJECT_VERSION = 1;
				DEVELOPMENT_ASSET_PATHS = "\"CleanFish/Preview Content\"";
				DEVELOPMENT_TEAM = 956H2C4NC8;
				ENABLE_PREVIEWS = YES;
				GENERATE_INFOPLIST_FILE = YES;
				INFOPLIST_FILE = CleanFish/App/Info.plist;
				INFOPLIST_KEY_NSMicrophoneUsageDescription = "음성인식에 마이크가 사용됩니다. 설정에서 이를 구성할 수 있습니다.";
				INFOPLIST_KEY_NSSpeechRecognitionUsageDescription = "";
				INFOPLIST_KEY_UIApplicationSceneManifest_Generation = YES;
				INFOPLIST_KEY_UIApplicationSupportsIndirectInputEvents = YES;
				INFOPLIST_KEY_UILaunchScreen_Generation = YES;
				INFOPLIST_KEY_UIStatusBarHidden = NO;
				INFOPLIST_KEY_UISupportedInterfaceOrientations = UIInterfaceOrientationPortrait;
				INFOPLIST_KEY_UISupportedInterfaceOrientations_iPad = "UIInterfaceOrientationPortrait UIInterfaceOrientationPortraitUpsideDown UIInterfaceOrientationLandscapeLeft UIInterfaceOrientationLandscapeRight";
				INFOPLIST_KEY_UISupportedInterfaceOrientations_iPhone = "UIInterfaceOrientationPortrait UIInterfaceOrientationLandscapeLeft UIInterfaceOrientationLandscapeRight";
				INFOPLIST_KEY_UIUserInterfaceStyle = Light;
				LD_RUNPATH_SEARCH_PATHS = (
					"$(inherited)",
					"@executable_path/Frameworks",
				);
				MARKETING_VERSION = 1.0;
				NEW_SETTING = "";
				PRODUCT_BUNDLE_IDENTIFIER = com.MC2.RnB.CleanFish;
				PRODUCT_NAME = "$(TARGET_NAME)";
				PROVISIONING_PROFILE_SPECIFIER = "";
				SWIFT_EMIT_LOC_STRINGS = YES;
				SWIFT_VERSION = 5.0;
				TARGETED_DEVICE_FAMILY = 1;
			};
			name = Debug;
		};
		C70835A5284DD0DF0061F707 /* Release */ = {
			isa = XCBuildConfiguration;
			buildSettings = {
				ASSETCATALOG_COMPILER_APPICON_NAME = AppIcon;
				ASSETCATALOG_COMPILER_GLOBAL_ACCENT_COLOR_NAME = AccentColor;
				ASSETCATALOG_COMPILER_INCLUDE_ALL_APPICON_ASSETS = YES;
				CODE_SIGN_IDENTITY = "Apple Development";
				CODE_SIGN_STYLE = Automatic;
				CURRENT_PROJECT_VERSION = 1;
				DEVELOPMENT_ASSET_PATHS = "\"CleanFish/Preview Content\"";
				DEVELOPMENT_TEAM = 956H2C4NC8;
				ENABLE_PREVIEWS = YES;
				GENERATE_INFOPLIST_FILE = YES;
				INFOPLIST_FILE = CleanFish/App/Info.plist;
				INFOPLIST_KEY_NSMicrophoneUsageDescription = "음성인식에 마이크가 사용됩니다. 설정에서 이를 구성할 수 있습니다.";
				INFOPLIST_KEY_NSSpeechRecognitionUsageDescription = "";
				INFOPLIST_KEY_UIApplicationSceneManifest_Generation = YES;
				INFOPLIST_KEY_UIApplicationSupportsIndirectInputEvents = YES;
				INFOPLIST_KEY_UILaunchScreen_Generation = YES;
				INFOPLIST_KEY_UIStatusBarHidden = NO;
				INFOPLIST_KEY_UISupportedInterfaceOrientations = UIInterfaceOrientationPortrait;
				INFOPLIST_KEY_UISupportedInterfaceOrientations_iPad = "UIInterfaceOrientationPortrait UIInterfaceOrientationPortraitUpsideDown UIInterfaceOrientationLandscapeLeft UIInterfaceOrientationLandscapeRight";
				INFOPLIST_KEY_UISupportedInterfaceOrientations_iPhone = "UIInterfaceOrientationPortrait UIInterfaceOrientationLandscapeLeft UIInterfaceOrientationLandscapeRight";
				INFOPLIST_KEY_UIUserInterfaceStyle = Light;
				LD_RUNPATH_SEARCH_PATHS = (
					"$(inherited)",
					"@executable_path/Frameworks",
				);
				MARKETING_VERSION = 1.0;
				NEW_SETTING = "";
				PRODUCT_BUNDLE_IDENTIFIER = com.MC2.RnB.CleanFish;
				PRODUCT_NAME = "$(TARGET_NAME)";
				PROVISIONING_PROFILE_SPECIFIER = "";
				SWIFT_EMIT_LOC_STRINGS = YES;
				SWIFT_VERSION = 5.0;
				TARGETED_DEVICE_FAMILY = 1;
			};
			name = Release;
		};
/* End XCBuildConfiguration section */

/* Begin XCConfigurationList section */
		C7083590284DD0DE0061F707 /* Build configuration list for PBXProject "CleanFish" */ = {
			isa = XCConfigurationList;
			buildConfigurations = (
				C70835A1284DD0DF0061F707 /* Debug */,
				C70835A2284DD0DF0061F707 /* Release */,
			);
			defaultConfigurationIsVisible = 0;
			defaultConfigurationName = Release;
		};
		C70835A3284DD0DF0061F707 /* Build configuration list for PBXNativeTarget "CleanFish" */ = {
			isa = XCConfigurationList;
			buildConfigurations = (
				C70835A4284DD0DF0061F707 /* Debug */,
				C70835A5284DD0DF0061F707 /* Release */,
			);
			defaultConfigurationIsVisible = 0;
			defaultConfigurationName = Release;
		};
/* End XCConfigurationList section */

/* Begin XCRemoteSwiftPackageReference section */
		C7E31F952855BF5600CD0188 /* XCRemoteSwiftPackageReference "lottie-ios" */ = {
			isa = XCRemoteSwiftPackageReference;
			repositoryURL = "https://github.com/airbnb/lottie-ios.git";
			requirement = {
				kind = exactVersion;
				version = 3.3.0;
			};
		};
/* End XCRemoteSwiftPackageReference section */

/* Begin XCSwiftPackageProductDependency section */
		C7E31F962855BF5600CD0188 /* Lottie */ = {
			isa = XCSwiftPackageProductDependency;
			package = C7E31F952855BF5600CD0188 /* XCRemoteSwiftPackageReference "lottie-ios" */;
			productName = Lottie;
		};
/* End XCSwiftPackageProductDependency section */
	};
	rootObject = C708358D284DD0DE0061F707 /* Project object */;
}
